{
  "name": "calculator",
  "version": "1.0.0",
  "lockfileVersion": 1,
  "requires": true,
  "dependencies": {
    "sinful-math.js": {
      "version": "0.0.3",
      "resolved": "https://registry.npmjs.org/sinful-math.js/-/sinful-math.js-0.0.3.tgz",
      "integrity": "sha1-yEDNZCIEPu/l3PfSEAKUBRgVRTM="
    }
  }
}
